Microsoft Visual Studio Solution File, Format Version 12.00
# Visual Studio Version 17
VisualStudioVersion = 17.5.2.0
MinimumVisualStudioVersion = 10.0.40219.1
Project("{FAE04EC0-301F-11D3-BF4B-00C04F79EFBC}") = "FloStockSalesAPI", "FloStockSalesAPI.csproj", "{7DC31FF8-03A2-8F3E-EBF5-B1C37726B1FB}"
EndProject
Global
	GlobalSection(SolutionConfigurationPlatforms) = preSolution
		Debug|Any CPU = Debug|Any CPU
		Release|Any CPU = Release|Any CPU
	EndGlobalSection
	GlobalSection(ProjectConfigurationPlatforms) = postSolution
		{7DC31FF8-03A2-8F3E-EBF5-B1C37726B1FB}.Debug|Any CPU.ActiveCfg = Debug|Any CPU
		{7DC31FF8-03A2-8F3E-EBF5-B1C37726B1FB}.Debug|Any CPU.Build.0 = Debug|Any CPU
		{7DC31FF8-03A2-8F3E-EBF5-B1C37726B1FB}.Release|Any CPU.ActiveCfg = Release|Any CPU
		{7DC31FF8-03A2-8F3E-EBF5-B1C37726B1FB}.Release|Any CPU.Build.0 = Release|Any CPU
	EndGlobalSection
	GlobalSection(SolutionProperties) = preSolution
		HideSolutionNode = FALSE
	EndGlobalSection
	GlobalSection(ExtensibilityGlobals) = postSolution
		SolutionGuid = {0FD85DF8-B4AF-46E3-9C9F-B74FABC58AA9}
	EndGlobalSection
EndGlobal
